
Microsoft Visual Studio Solution File, Format Version 12.00
# Visual Studio Version 16
VisualStudioVersion = 16.0.30804.86
MinimumVisualStudioVersion = 10.0.40219.1
Project("{FAE04EC0-301F-11D3-BF4B-00C04F79EFBC}") = "UsvInterfaceApplication", "UsvInterfaceApplication.csproj", "{4E927CF6-B877-48E1-B639-DBACC0153EB1}"
EndProject
Global
	GlobalSection(SolutionConfigurationPlatforms) = preSolution
		Debug|Any CPU = Debug|Any CPU
		Release|Any CPU = Release|Any CPU
	EndGlobalSection
	GlobalSection(ProjectConfigurationPlatforms) = postSolution
		{4E927CF6-B877-48E1-B639-DBACC0153EB1}.Debug|Any CPU.ActiveCfg = Debug|Any CPU
		{4E927CF6-B877-48E1-B639-DBACC0153EB1}.Debug|Any CPU.Build.0 = Debug|Any CPU
		{4E927CF6-B877-48E1-B639-DBACC0153EB1}.Release|Any CPU.ActiveCfg = Release|Any CPU
		{4E927CF6-B877-48E1-B639-DBACC0153EB1}.Release|Any CPU.Build.0 = Release|Any CPU
	EndGlobalSection
	GlobalSection(SolutionProperties) = preSolution
		HideSolutionNode = FALSE
	EndGlobalSection
	GlobalSection(ExtensibilityGlobals) = postSolution
		SolutionGuid = {E7D50C3D-2D88-4DF2-BF15-11F82710E7E4}
	EndGlobalSection
EndGlobal
